
Microsoft Visual Studio Solution File, Format Version 12.00
Project("{FAE04EC0-301F-11D3-BF4B-00C04F79EFBC}") = "Razor", "Razor\Razor.csproj", "{992868DB-C9CA-4CBD-95C9-A7484D84B223}"
EndProject
Project("{FAE04EC0-301F-11D3-BF4B-00C04F79EFBC}") = "App", "App\App\App.csproj", "{9E3241AB-F770-476B-98B5-0AB408FFAECA}"
EndProject
Project("{FAE04EC0-301F-11D3-BF4B-00C04F79EFBC}") = "App.Droid", "App\App.Droid\App.Droid.csproj", "{1168C2D4-89EF-450D-A282-2D83AFD6DA6D}"
EndProject
Project("{FAE04EC0-301F-11D3-BF4B-00C04F79EFBC}") = "App.iOS", "App\App.iOS\App.iOS.csproj", "{B0DEFD72-E6FD-4443-9908-31D0E3EE1406}"
EndProject
Project("{FAE04EC0-301F-11D3-BF4B-00C04F79EFBC}") = "UniversityAPI", "UniversityAPI\UniversityAPI.csproj", "{0A114FA7-826C-40B8-8622-50F7F70B1A62}"
EndProject
Global
	GlobalSection(SolutionConfigurationPlatforms) = preSolution
		Debug|Any CPU = Debug|Any CPU
		Release|Any CPU = Release|Any CPU
	EndGlobalSection
	GlobalSection(ProjectConfigurationPlatforms) = postSolution
		{992868DB-C9CA-4CBD-95C9-A7484D84B223}.Debug|Any CPU.ActiveCfg = Debug|Any CPU
		{992868DB-C9CA-4CBD-95C9-A7484D84B223}.Debug|Any CPU.Build.0 = Debug|Any CPU
		{992868DB-C9CA-4CBD-95C9-A7484D84B223}.Release|Any CPU.ActiveCfg = Release|Any CPU
		{992868DB-C9CA-4CBD-95C9-A7484D84B223}.Release|Any CPU.Build.0 = Release|Any CPU
		{9E3241AB-F770-476B-98B5-0AB408FFAECA}.Debug|Any CPU.ActiveCfg = Debug|Any CPU
		{9E3241AB-F770-476B-98B5-0AB408FFAECA}.Debug|Any CPU.Build.0 = Debug|Any CPU
		{9E3241AB-F770-476B-98B5-0AB408FFAECA}.Release|Any CPU.ActiveCfg = Release|Any CPU
		{9E3241AB-F770-476B-98B5-0AB408FFAECA}.Release|Any CPU.Build.0 = Release|Any CPU
		{1168C2D4-89EF-450D-A282-2D83AFD6DA6D}.Debug|Any CPU.ActiveCfg = Debug|Any CPU
		{1168C2D4-89EF-450D-A282-2D83AFD6DA6D}.Debug|Any CPU.Build.0 = Debug|Any CPU
		{1168C2D4-89EF-450D-A282-2D83AFD6DA6D}.Release|Any CPU.ActiveCfg = Release|Any CPU
		{1168C2D4-89EF-450D-A282-2D83AFD6DA6D}.Release|Any CPU.Build.0 = Release|Any CPU
		{B0DEFD72-E6FD-4443-9908-31D0E3EE1406}.Debug|Any CPU.ActiveCfg = Debug|iPhoneSimulator
		{B0DEFD72-E6FD-4443-9908-31D0E3EE1406}.Debug|Any CPU.Build.0 = Debug|iPhoneSimulator
		{B0DEFD72-E6FD-4443-9908-31D0E3EE1406}.Release|Any CPU.ActiveCfg = Release|iPhoneSimulator
		{B0DEFD72-E6FD-4443-9908-31D0E3EE1406}.Release|Any CPU.Build.0 = Release|iPhoneSimulator
		{0A114FA7-826C-40B8-8622-50F7F70B1A62}.Debug|Any CPU.ActiveCfg = Debug|Any CPU
		{0A114FA7-826C-40B8-8622-50F7F70B1A62}.Debug|Any CPU.Build.0 = Debug|Any CPU
		{0A114FA7-826C-40B8-8622-50F7F70B1A62}.Release|Any CPU.ActiveCfg = Release|Any CPU
		{0A114FA7-826C-40B8-8622-50F7F70B1A62}.Release|Any CPU.Build.0 = Release|Any CPU
	EndGlobalSection
	GlobalSection(RiderSharedRunConfigurations) = postSolution
		File = Docker.run\EU SQL server.run.xml
	EndGlobalSection
EndGlobal
